
Microsoft Visual Studio Solution File, Format Version 12.00
# Visual Studio Version 16
VisualStudioVersion = 16.0.34601.136
MinimumVisualStudioVersion = 10.0.40219.1
Project("{FAE04EC0-301F-11D3-BF4B-00C04F79EFBC}") = "Calculadora", "Calculadora\Calculadora.csproj", "{8F7045D8-4305-4AA6-BCC6-A3FF7B8FC5E2}"
EndProject
Global
	GlobalSection(SolutionConfigurationPlatforms) = preSolution
		Debug|Any CPU = Debug|Any CPU
		Release|Any CPU = Release|Any CPU
	EndGlobalSection
	GlobalSection(ProjectConfigurationPlatforms) = postSolution
		{8F7045D8-4305-4AA6-BCC6-A3FF7B8FC5E2}.Debug|Any CPU.ActiveCfg = Debug|Any CPU
		{8F7045D8-4305-4AA6-BCC6-A3FF7B8FC5E2}.Debug|Any CPU.Build.0 = Debug|Any CPU
		{8F7045D8-4305-4AA6-BCC6-A3FF7B8FC5E2}.Release|Any CPU.ActiveCfg = Release|Any CPU
		{8F7045D8-4305-4AA6-BCC6-A3FF7B8FC5E2}.Release|Any CPU.Build.0 = Release|Any CPU
	EndGlobalSection
	GlobalSection(SolutionProperties) = preSolution
		HideSolutionNode = FALSE
	EndGlobalSection
	GlobalSection(ExtensibilityGlobals) = postSolution
		SolutionGuid = {DEC0E5D9-E902-4858-BE9A-90E92DB7072D}
	EndGlobalSection
EndGlobal
